{
  "version": 4,
  "terraform_version": "1.13.2",
  "serial": 22,
  "lineage": "7c7f4c8b-e999-0b1a-e577-0d7f19f3b4b1",
  "outputs": {
    "ecs_cluster_name": {
      "value": "CS6650L2-cluster",
      "type": "string"
    },
    "ecs_service_name": {
      "value": "CS6650L2",
      "type": "string"
    }
  },
  "resources": [
    {
      "mode": "data",
      "type": "aws_ecr_authorization_token",
      "name": "registry",
      "provider": "provider[\"registry.terraform.io/hashicorp/aws\"]",
      "instances": [
        {
          "schema_version": 0,
          "attributes": {
            "authorization_token": "QVdTOmV5SndZWGxzYjJGa0lqb2lMekJTT0ZGdVoxcDRSMmxMZERSalppdHZhams0VkdjM1JUY3dNMnBpZDNCbmNVTjBVMlozUkhRcmFIRjNjelI0ZUdaVFZGaHRVVTFPTjBoSFF6RnFiVGxzWTFCd2NGRlFPRW94UzNSMlEwTlJVMlJwUkhKdk5tTmFRVzh3TWpWbmJqQkdjRm80ZW10c0wyNVVLMDl1ZVd0VGRHVTVkRGx2ZEN0VWVVaG1XWEZUTUhGd2FFVXhOekZKZFd4Wk4yeHNZV3BOU2pkNlFYSklkMG8xZEVGRmNsQXJhMU5KTldjd1ZTczVVVzF1YnpKVFdHSjJVREpqTUd4SFZraHNhV3A1V21aR1FqbFlOQ3M0WmpBMVZIY3ZORGhHZW10WE9FdDBjSEJ6U2sxbGJFZ3dLM1ppVlRoUWQzSklXVTFKWkRGS1pXNURTVFJIUlZSemFFVXlkVEJ4V1hGQ1RXNXhUVFJGZEZkT0wwbHFTMFY2WmtGU2JGZDJWMU5GZG5wS2VYWktkMmhWWWtkb2FreDNlWGd3YWtJMmRTOHpablJoUXpSdE5FbHBhazl6UzIwNE0xbGxVVUZPV0hoVE9HZE5TR3BMTDJ0a1IxSlFVa0ZZTkVkNlpERjNNbU41VVZSa01EQlhObnBVYVZkYVR6aFZUV1F3ZEUwd1UzUnNlR1JaYmtKa05qbFdhVU01ZG1wNmNHdFJkRXhzUm5WVE0yNWxkRXNyVjFKVVQxbDRUV054YVZGRWIyUTJUSEpCWkVRd1oyc3ZiRFJxVUV0MkszRkVRMGRxTUVSM05IWXhNSGhGVEhBMU1tUjNlamRuVWxwR1ZWRlBVRzF0TnpVM04zUnJXbXhqVFc1bU5sQnBiRVJuTkdsMFJXbzROakJLYlZkRVNYQnFiRk4yZEd4c09GQlJiRzR6UXpKQlQxUndVbWhvWTNSelZVOHpRVTFIUW5KS01tdHhVR0k0TWs5QkszSmFNWGg1UTFNelIwWnRWekJSZUROWFVtbHlWbHBNVGpZNVJtVXZVVVJKU0UxQ2VVSm5lbGh6YmtNNVJsaDBNbWxxZDJvd1UzaEJUREZxYmtONU1WazRNWHBzWTFsVU5tdzRRVlJTVERBd2VrWkJWRzlTYW14MlVsbFpVRGRCYmxWWU5TdExaMVJFVDBaeU5tTlZRakJHU0UxNUwyOTNSR3RvZDB4MldsYzRjMEV2WkVZclZGSTNabU50ZDNkRmN6aDFZVmRwY1hWd01XWTFibFJGUmtsMGVtVnJZekpuTWt4WlJGQXdTSEl4ZWpWb1dqSjBhMUZTZEdKcmJTOXZlVGRSY1VkcFpWaEtPRnBhYW5sb1RDdDJVV2RKVmtScGRuRkZXR3B3UTFVNFZFdEdPWGg0WVZWd0swTkhWSE5YWkN0Q1IxbHJOblZWZFdKQ05FSnNVbEpUU1hJNGFGVXhOR2swTjNCT1pHeFpVbHBaVW5CeU4wVnFkRlZrYUhGTGFFNUZabmRxTW5kd2JrMDNPVzAzU2t4MFoySmxjSE5TZUVjeWMyRTBNQ3R6VHpBelRHWlllakJyUW1kU2VXaDVNMDl5YUVSSk5EbElhbFZtV0dKRGJXTnRPRlJqWVd0UVIzUlNTSFpFYUVSUFFubE1WSEp0VVVKUU1IRXpVMFF5ZWtObVVHNW5kVU5wVkVvNU9GZEpTRWhHWm5CME1GSXlUVUozTWxZNU9XMDVjR0o0ZVRBM1kxUlVhMEVyVlhGc2RtUnZSU3R6YlVOcVFqZFJTVXN6VkZsdFMwSlNiMGRaV2xWS1pVVlFUSFJVU0VKek4yazBXbmh3YzNkS1ZFcGFibGxOZDJkamFFMTJWVUZMV1dSRlJHaFRNVzVoYkZkMFZHWjNTWEFyUjNjMGVGWTRkR05xZEZwbFIxY3dhVTVGVGxkWWQwaFNjRGRMWjBwdU9IQkNkVzFyUmxjMWNscFFLMVZGTm1GVFYyZHBjRUphUlVFek1Ha3JRWHBsTWtOWFpFc3dkblJXVlZWcE0yZHdVREUwYmtSNlVUbEVTVWszU0VsNVV6SjFTR05hVFZwc1UyWk9SM2RrWkZaQldrRk5abXh1ZERJemNpOTRTalUxVVhaUGN6VjVRVkpIYjNCNU9VOU5XbEJqWm5SdE9EWTBZbmxqYURneFEwaGFZa2hSU0U1U1VuVXJXakJPYkhobFUydEVkRk0xWmt0cFpGRk5VRkZwTlhreFZFVjNRWEJYTlcwd1F6TkVNVWhuY2tzdllYbDZPV2xsWkZSdU0wUjFhbXhvVlRodFRWbE9jMEZtZDBOdVJtSnVaVUpGTTNFNE5EMGlMQ0prWVhSaGEyVjVJam9pUVZGRlFrRklhalpzWXpSWVNVcDNMemRzYmpCSVl6QXdSRTFsYXpaSFJYaElRMkpaTkZKSmNGUk5RMGsxT0VsdVZYZEJRVUZJTkhkbVFWbEtTMjlhU1doMlkwNUJVV05IYjBjNGQySlJTVUpCUkVKdlFtZHJjV2hyYVVjNWR6QkNRbmRGZDBobldVcFpTVnBKUVZkVlJFSkJSWFZOUWtWRlJFRXpZVTEyTWpKWU1DdE9iVVIzZFM5UlNVSkZTVUUzV21GTlJsa3pjVEJDVUhsdlVuUjRhVlFyTjJOTVRHSjZTVlkxVW14TmJ6YzVWWE13ZEdKSk4xTlhNV1J0UTJ4UFRUaG1MMVJWVEV0eFdUbG1Na3RQWmxGWGQzbEliMkoxVGpaR1ZTdHRRVDBpTENKMlpYSnphVzl1SWpvaU1pSXNJblI1Y0dVaU9pSkVRVlJCWDB0RldTSXNJbVY0Y0dseVlYUnBiMjRpT2pFM05UazNNVEE0TkRoOQ==",
            "expires_at": "2025-10-06T00:34:08Z",
            "id": "us-west-2",
            "password": "eyJwYXlsb2FkIjoiLzBSOFFuZ1p4R2lLdDRjZitvajk4VGc3RTcwM2pid3BncUN0U2Z3RHQraHF3czR4eGZTVFhtUU1ON0hHQzFqbTlsY1BwcFFQOEoxS3R2Q0NRU2RpRHJvNmNaQW8wMjVnbjBGcFo4emtsL25UK09ueWtTdGU5dDlvdCtUeUhmWXFTMHFwaEUxNzFJdWxZN2xsYWpNSjd6QXJId0o1dEFFclAra1NJNWcwVSs5UW1ubzJTWGJ2UDJjMGxHVkhsaWp5WmZGQjlYNCs4ZjA1VHcvNDhGemtXOEt0cHBzSk1lbEgwK3ZiVThQd3JIWU1JZDFKZW5DSTRHRVRzaEUydTBxWXFCTW5xTTRFdFdOL0lqS0V6ZkFSbFd2V1NFdnpKeXZKd2hVYkdoakx3eXgwakI2dS8zZnRhQzRtNElpak9zS204M1llUUFOWHhTOGdNSGpLL2tkR1JQUkFYNEd6ZDF3MmN5UVRkMDBXNnpUaVdaTzhVTWQwdE0wU3RseGRZbkJkNjlWaUM5dmp6cGtRdExsRnVTM25ldEsrV1JUT1l4TWNxaVFEb2Q2THJBZEQwZ2svbDRqUEt2K3FEQ0dqMER3NHYxMHhFTHA1MmR3ejdnUlpGVVFPUG1tNzU3N3RrWmxjTW5mNlBpbERnNGl0RWo4NjBKbVdESXBqbFN2dGxsOFBRbG4zQzJBT1RwUmhoY3RzVU8zQU1HQnJKMmtxUGI4Mk9BK3JaMXh5Q1MzR0ZtVzBReDNXUmlyVlpMTjY5RmUvUURJSE1CeUJnelhzbkM5Rlh0Mmlqd2owU3hBTDFqbkN5MVk4MXpsY1lUNmw4QVRSTDAwekZBVG9Samx2UllZUDdBblVYNStLZ1RET0ZyNmNVQjBGSE15L293RGtod0x2Wlc4c0EvZEYrVFI3ZmNtd3dFczh1YVdpcXVwMWY1blRFRkl0emVrYzJnMkxZRFAwSHIxejVoWjJ0a1FSdGJrbS9veTdRcUdpZVhKOFpaanloTCt2UWdJVkRpdnFFWGpwQ1U4VEtGOXh4YVVwK0NHVHNXZCtCR1lrNnVVdWJCNEJsUlJTSXI4aFUxNGk0N3BOZGxZUlpZUnByN0VqdFVkaHFLaE5FZndqMndwbk03OW03Skx0Z2JlcHNSeEcyc2E0MCtzTzAzTGZYejBrQmdSeWh5M09yaERJNDlIalVmWGJDbWNtOFRjYWtQR3RSSHZEaERPQnlMVHJtUUJQMHEzU0QyekNmUG5ndUNpVEo5OFdJSEhGZnB0MFIyTUJ3MlY5OW05cGJ4eTA3Y1RUa0ErVXFsdmRvRStzbUNqQjdRSUszVFltS0JSb0dZWlVKZUVQTHRUSEJzN2k0Wnhwc3dKVEpabllNd2djaE12VUFLWWRFRGhTMW5hbFd0VGZ3SXArR3c0eFY4dGNqdFplR1cwaU5FTldYd0hScDdLZ0puOHBCdW1rRlc1clpQK1VFNmFTV2dpcEJaRUEzMGkrQXplMkNXZEswdnRWVVVpM2dwUDE0bkR6UTlESUk3SEl5UzJ1SGNaTVpsU2ZOR3dkZFZBWkFNZmxudDIzci94SjU1UXZPczV5QVJHb3B5OU9NWlBjZnRtODY0YnljaDgxQ0haYkhRSE5SUnUrWjBObHhlU2tEdFM1ZktpZFFNUFFpNXkxVEV3QXBXNW0wQzNEMUhncksvYXl6OWllZFRuM0R1amxoVThtTVlOc0Fmd0NuRmJuZUJFM3E4ND0iLCJkYXRha2V5IjoiQVFFQkFIajZsYzRYSUp3LzdsbjBIYzAwRE1lazZHRXhIQ2JZNFJJcFRNQ0k1OEluVXdBQUFINHdmQVlKS29aSWh2Y05BUWNHb0c4d2JRSUJBREJvQmdrcWhraUc5dzBCQndFd0hnWUpZSVpJQVdVREJBRXVNQkVFREEzYU12MjJYMCtObUR3dS9RSUJFSUE3WmFNRlkzcTBCUHlvUnR4aVQrN2NMTGJ6SVY1UmxNbzc5VXMwdGJJN1NXMWRtQ2xPTThmL1RVTEtxWTlmMktPZlFXd3lIb2J1TjZGVSttQT0iLCJ2ZXJzaW9uIjoiMiIsInR5cGUiOiJEQVRBX0tFWSIsImV4cGlyYXRpb24iOjE3NTk3MTA4NDh9",
            "proxy_endpoint": "https://992382690089.dkr.ecr.us-west-2.amazonaws.com",
            "region": "us-west-2",
            "registry_id": null,
            "user_name": "AWS"
          },
          "sensitive_attributes": [
            [
              {
                "type": "get_attr",
                "value": "authorization_token"
              }
            ],
            [
              {
                "type": "get_attr",
                "value": "password"
              }
            ]
          ],
          "identity_schema_version": 0
        }
      ]
    },
    {
      "mode": "data",
      "type": "aws_iam_role",
      "name": "lab_role",
      "provider": "provider[\"registry.terraform.io/hashicorp/aws\"]",
      "instances": [
        {
          "schema_version": 0,
          "attributes": {
            "arn": "arn:aws:iam::992382690089:role/LabRole",
            "assume_role_policy": "{\"Version\":\"2012-10-17\",\"Statement\":[{\"Effect\":\"Allow\",\"Principal\":{\"Service\":[\"credentials.iot.amazonaws.com\",\"glue.amazonaws.com\",\"ec2.amazonaws.com\",\"cloudtrail.amazonaws.com\",\"eks.amazonaws.com\",\"iotevents.amazonaws.com\",\"sqs.amazonaws.com\",\"elasticfilesystem.amazonaws.com\",\"codedeploy.amazonaws.com\",\"rekognition.amazonaws.com\",\"codecommit.amazonaws.com\",\"logs.amazonaws.com\",\"athena.amazonaws.com\",\"elasticbeanstalk.amazonaws.com\",\"lambda.amazonaws.com\",\"codewhisperer.amazonaws.com\",\"iot.amazonaws.com\",\"resource-groups.amazonaws.com\",\"servicecatalog.amazonaws.com\",\"batch.amazonaws.com\",\"rds.amazonaws.com\",\"backup.amazonaws.com\",\"cloud9.amazonaws.com\",\"ecs-tasks.amazonaws.com\",\"scheduler.amazonaws.com\",\"autoscaling.amazonaws.com\",\"pipes.amazonaws.com\",\"firehose.amazonaws.com\",\"cognito-idp.amazonaws.com\",\"eks-fargate-pods.amazonaws.com\",\"s3.amazonaws.com\",\"kinesisanalytics.amazonaws.com\",\"deepracer.amazonaws.com\",\"states.amazonaws.com\",\"forecast.amazonaws.com\",\"elasticmapreduce.amazonaws.com\",\"ec2.application-autoscaling.amazonaws.com\",\"apigateway.amazonaws.com\",\"events.amazonaws.com\",\"dynamodb.amazonaws.com\",\"ssm.amazonaws.com\",\"redshift.amazonaws.com\",\"application-autoscaling.amazonaws.com\",\"ecs.amazonaws.com\",\"elasticloadbalancing.amazonaws.com\",\"cloudformation.amazonaws.com\",\"kinesis.amazonaws.com\",\"iotanalytics.amazonaws.com\",\"sns.amazonaws.com\",\"kms.amazonaws.com\",\"secretsmanager.amazonaws.com\",\"sagemaker.amazonaws.com\",\"databrew.amazonaws.com\"],\"AWS\":\"arn:aws:iam::992382690089:role/LabRole\"},\"Action\":\"sts:AssumeRole\"}]}",
            "create_date": "2025-09-13T19:20:28Z",
            "description": "",
            "id": "LabRole",
            "max_session_duration": 3600,
            "name": "LabRole",
            "path": "/",
            "permissions_boundary": "",
            "role_last_used": [
              {
                "last_used_date": "2025-10-05T12:23:42Z",
                "region": "us-west-2"
              }
            ],
            "tags": {
              "cloudlab": "c169671a4380641l11489777t1w992382690089"
            },
            "unique_id": "AROA6ODU6EMUWCBQASGO5"
          },
          "sensitive_attributes": [],
          "identity_schema_version": 0
        }
      ]
    },
    {
      "mode": "managed",
      "type": "docker_image",
      "name": "app",
      "provider": "provider[\"registry.terraform.io/kreuzwerker/docker\"]",
      "instances": [
        {
          "schema_version": 0,
          "attributes": {
            "build": [
              {
                "auth_config": [],
                "build_arg": null,
                "build_args": null,
                "build_id": "",
                "cache_from": [],
                "cgroup_parent": "",
                "context": "..",
                "cpu_period": null,
                "cpu_quota": null,
                "cpu_set_cpus": "",
                "cpu_set_mems": "",
                "cpu_shares": null,
                "dockerfile": "Dockerfile",
                "extra_hosts": [],
                "force_remove": null,
                "isolation": "",
                "label": null,
                "labels": null,
                "memory": null,
                "memory_swap": null,
                "network_mode": "",
                "no_cache": null,
                "path": "",
                "platform": "",
                "pull_parent": null,
                "remote_context": "",
                "remove": true,
                "security_opt": [],
                "session_id": "",
                "shm_size": null,
                "squash": null,
                "suppress_output": null,
                "tag": [],
                "target": "",
                "ulimit": [],
                "version": ""
              }
            ],
            "force_remove": null,
            "id": "sha256:55f7ff551f86711b7776b2de02539fe868eb6d683cbaadfc73e27b04ac4e6e80992382690089.dkr.ecr.us-west-2.amazonaws.com/ecr_service:latest",
            "image_id": "sha256:55f7ff551f86711b7776b2de02539fe868eb6d683cbaadfc73e27b04ac4e6e80",
            "keep_locally": null,
            "latest": "sha256:55f7ff551f86711b7776b2de02539fe868eb6d683cbaadfc73e27b04ac4e6e80",
            "name": "992382690089.dkr.ecr.us-west-2.amazonaws.com/ecr_service:latest",
            "output": null,
            "platform": null,
            "pull_trigger": null,
            "pull_triggers": null,
            "repo_digest": "",
            "triggers": null
          },
          "sensitive_attributes": [],
          "identity_schema_version": 0,
          "private": "bnVsbA==",
          "dependencies": [
            "data.aws_ecr_authorization_token.registry",
            "module.ecr.aws_ecr_repository.this"
          ]
        }
      ]
    },
    {
      "mode": "managed",
      "type": "docker_registry_image",
      "name": "app",
      "provider": "provider[\"registry.terraform.io/kreuzwerker/docker\"]",
      "instances": [
        {
          "schema_version": 0,
          "attributes": {
            "build": [],
            "id": "sha256:f9c019ba530e9c1f87b05b8bea861b4f7b9da4f2c4757a4a5f7b8b3424e8ccaf",
            "insecure_skip_verify": false,
            "keep_remotely": false,
            "name": "992382690089.dkr.ecr.us-west-2.amazonaws.com/ecr_service:latest",
            "sha256_digest": "sha256:f9c019ba530e9c1f87b05b8bea861b4f7b9da4f2c4757a4a5f7b8b3424e8ccaf",
            "triggers": null
          },
          "sensitive_attributes": [],
          "identity_schema_version": 0,
          "private": "bnVsbA==",
          "dependencies": [
            "data.aws_ecr_authorization_token.registry",
            "docker_image.app",
            "module.ecr.aws_ecr_repository.this"
          ]
        }
      ]
    },
    {
      "module": "module.ecr",
      "mode": "managed",
      "type": "aws_ecr_repository",
      "name": "this",
      "provider": "provider[\"registry.terraform.io/hashicorp/aws\"]",
      "instances": [
        {
          "schema_version": 0,
          "attributes": {
            "arn": "arn:aws:ecr:us-west-2:992382690089:repository/ecr_service",
            "encryption_configuration": [
              {
                "encryption_type": "AES256",
                "kms_key": ""
              }
            ],
            "force_delete": null,
            "id": "ecr_service",
            "image_scanning_configuration": [
              {
                "scan_on_push": false
              }
            ],
            "image_tag_mutability": "MUTABLE",
            "name": "ecr_service",
            "region": "us-west-2",
            "registry_id": "992382690089",
            "repository_url": "992382690089.dkr.ecr.us-west-2.amazonaws.com/ecr_service",
            "tags": null,
            "tags_all": {},
            "timeouts": null
          },
          "sensitive_attributes": [],
          "identity_schema_version": 0,
          "private": "eyJlMmJmYjczMC1lY2FhLTExZTYtOGY4OC0zNDM2M2JjN2M0YzAiOnsiZGVsZXRlIjoxMjAwMDAwMDAwMDAwfX0="
        }
      ]
    },
    {
      "module": "module.ecs",
      "mode": "managed",
      "type": "aws_ecs_cluster",
      "name": "this",
      "provider": "provider[\"registry.terraform.io/hashicorp/aws\"]",
      "instances": [
        {
          "schema_version": 0,
          "attributes": {
            "arn": "arn:aws:ecs:us-west-2:992382690089:cluster/CS6650L2-cluster",
            "configuration": [],
            "id": "arn:aws:ecs:us-west-2:992382690089:cluster/CS6650L2-cluster",
            "name": "CS6650L2-cluster",
            "region": "us-west-2",
            "service_connect_defaults": [],
            "setting": [
              {
                "name": "containerInsights",
                "value": "disabled"
              }
            ],
            "tags": null,
            "tags_all": {}
          },
          "sensitive_attributes": [],
          "identity_schema_version": 0,
          "private": "bnVsbA=="
        }
      ]
    },
    {
      "module": "module.ecs",
      "mode": "managed",
      "type": "aws_ecs_service",
      "name": "this",
      "provider": "provider[\"registry.terraform.io/hashicorp/aws\"]",
      "instances": [
        {
          "schema_version": 1,
          "attributes": {
            "alarms": [],
            "arn": "arn:aws:ecs:us-west-2:992382690089:service/CS6650L2-cluster/CS6650L2",
            "availability_zone_rebalancing": "DISABLED",
            "capacity_provider_strategy": [],
            "cluster": "arn:aws:ecs:us-west-2:992382690089:cluster/CS6650L2-cluster",
            "deployment_circuit_breaker": [
              {
                "enable": false,
                "rollback": false
              }
            ],
            "deployment_configuration": [],
            "deployment_controller": [
              {
                "type": "ECS"
              }
            ],
            "deployment_maximum_percent": 200,
            "deployment_minimum_healthy_percent": 100,
            "desired_count": 1,
            "enable_ecs_managed_tags": false,
            "enable_execute_command": false,
            "force_delete": null,
            "force_new_deployment": null,
            "health_check_grace_period_seconds": 0,
            "iam_role": "/aws-service-role/ecs.amazonaws.com/AWSServiceRoleForECS",
            "id": "arn:aws:ecs:us-west-2:992382690089:service/CS6650L2-cluster/CS6650L2",
            "launch_type": "FARGATE",
            "load_balancer": [],
            "name": "CS6650L2",
            "network_configuration": [
              {
                "assign_public_ip": true,
                "security_groups": [
                  "sg-0e67fd8ca9f2e70b9"
                ],
                "subnets": [
                  "subnet-07fe5bc2ecc9cc7de",
                  "subnet-084ab50da4f5a7b39",
                  "subnet-09597b03d3b172ecc",
                  "subnet-09fa47284e334be6f"
                ]
              }
            ],
            "ordered_placement_strategy": [],
            "placement_constraints": [],
            "platform_version": "LATEST",
            "propagate_tags": "NONE",
            "region": "us-west-2",
            "scheduling_strategy": "REPLICA",
            "service_connect_configuration": [],
            "service_registries": [],
            "tags": null,
            "tags_all": {},
            "task_definition": "arn:aws:ecs:us-west-2:992382690089:task-definition/CS6650L2-task:3",
            "timeouts": null,
            "triggers": {},
            "volume_configuration": [],
            "vpc_lattice_configurations": [],
            "wait_for_steady_state": false
          },
          "sensitive_attributes": [],
          "identity_schema_version": 0,
          "private": "eyJlMmJmYjczMC1lY2FhLTExZTYtOGY4OC0zNDM2M2JjN2M0YzAiOnsiY3JlYXRlIjoxMjAwMDAwMDAwMDAwLCJkZWxldGUiOjEyMDAwMDAwMDAwMDAsInVwZGF0ZSI6MTIwMDAwMDAwMDAwMH0sInNjaGVtYV92ZXJzaW9uIjoiMSJ9",
          "dependencies": [
            "data.aws_iam_role.lab_role",
            "module.ecr.aws_ecr_repository.this",
            "module.ecs.aws_ecs_cluster.this",
            "module.ecs.aws_ecs_task_definition.this",
            "module.logging.aws_cloudwatch_log_group.this",
            "module.network.aws_security_group.this",
            "module.network.data.aws_subnets.default",
            "module.network.data.aws_vpc.default"
          ]
        }
      ]
    },
    {
      "module": "module.ecs",
      "mode": "managed",
      "type": "aws_ecs_task_definition",
      "name": "this",
      "provider": "provider[\"registry.terraform.io/hashicorp/aws\"]",
      "instances": [
        {
          "schema_version": 1,
          "attributes": {
            "arn": "arn:aws:ecs:us-west-2:992382690089:task-definition/CS6650L2-task:3",
            "arn_without_revision": "arn:aws:ecs:us-west-2:992382690089:task-definition/CS6650L2-task",
            "container_definitions": "[{\"environment\":[],\"essential\":true,\"image\":\"992382690089.dkr.ecr.us-west-2.amazonaws.com/ecr_service:latest\",\"logConfiguration\":{\"logDriver\":\"awslogs\",\"options\":{\"awslogs-group\":\"/ecs/CS6650L2\",\"awslogs-region\":\"us-west-2\",\"awslogs-stream-prefix\":\"ecs\"}},\"mountPoints\":[],\"name\":\"CS6650L2-container\",\"portMappings\":[{\"containerPort\":8080,\"hostPort\":8080,\"protocol\":\"tcp\"}],\"systemControls\":[],\"volumesFrom\":[]}]",
            "cpu": "512",
            "enable_fault_injection": false,
            "ephemeral_storage": [],
            "execution_role_arn": "arn:aws:iam::992382690089:role/LabRole",
            "family": "CS6650L2-task",
            "id": "CS6650L2-task",
            "ipc_mode": "",
            "memory": "1024",
            "network_mode": "awsvpc",
            "pid_mode": "",
            "placement_constraints": [],
            "proxy_configuration": [],
            "region": "us-west-2",
            "requires_compatibilities": [
              "FARGATE"
            ],
            "revision": 3,
            "runtime_platform": [],
            "skip_destroy": false,
            "tags": null,
            "tags_all": {},
            "task_role_arn": "arn:aws:iam::992382690089:role/LabRole",
            "track_latest": false,
            "volume": []
          },
          "sensitive_attributes": [],
          "identity_schema_version": 0,
          "private": "eyJzY2hlbWFfdmVyc2lvbiI6IjEifQ==",
          "dependencies": [
            "data.aws_iam_role.lab_role",
            "module.ecr.aws_ecr_repository.this",
            "module.logging.aws_cloudwatch_log_group.this"
          ]
        }
      ]
    },
    {
      "module": "module.logging",
      "mode": "managed",
      "type": "aws_cloudwatch_log_group",
      "name": "this",
      "provider": "provider[\"registry.terraform.io/hashicorp/aws\"]",
      "instances": [
        {
          "schema_version": 0,
          "attributes": {
            "arn": "arn:aws:logs:us-west-2:992382690089:log-group:/ecs/CS6650L2",
            "id": "/ecs/CS6650L2",
            "kms_key_id": "",
            "log_group_class": "STANDARD",
            "name": "/ecs/CS6650L2",
            "name_prefix": "",
            "region": "us-west-2",
            "retention_in_days": 7,
            "skip_destroy": false,
            "tags": {},
            "tags_all": {}
          },
          "sensitive_attributes": [],
          "identity_schema_version": 0,
          "private": "bnVsbA=="
        }
      ]
    },
    {
      "module": "module.network",
      "mode": "data",
      "type": "aws_subnets",
      "name": "default",
      "provider": "provider[\"registry.terraform.io/hashicorp/aws\"]",
      "instances": [
        {
          "schema_version": 0,
          "attributes": {
            "filter": [
              {
                "name": "vpc-id",
                "values": [
                  "vpc-057fccbb7ea201400"
                ]
              }
            ],
            "id": "us-west-2",
            "ids": [
              "subnet-09597b03d3b172ecc",
              "subnet-07fe5bc2ecc9cc7de",
              "subnet-084ab50da4f5a7b39",
              "subnet-09fa47284e334be6f"
            ],
            "region": "us-west-2",
            "tags": null,
            "timeouts": null
          },
          "sensitive_attributes": [],
          "identity_schema_version": 0
        }
      ]
    },
    {
      "module": "module.network",
      "mode": "data",
      "type": "aws_vpc",
      "name": "default",
      "provider": "provider[\"registry.terraform.io/hashicorp/aws\"]",
      "instances": [
        {
          "schema_version": 0,
          "attributes": {
            "arn": "arn:aws:ec2:us-west-2:992382690089:vpc/vpc-057fccbb7ea201400",
            "cidr_block": "172.31.0.0/16",
            "cidr_block_associations": [
              {
                "association_id": "vpc-cidr-assoc-025c76f4cabeb7d70",
                "cidr_block": "172.31.0.0/16",
                "state": "associated"
              }
            ],
            "default": true,
            "dhcp_options_id": "dopt-0fd2a7f4b0ba6f5c4",
            "enable_dns_hostnames": true,
            "enable_dns_support": true,
            "enable_network_address_usage_metrics": false,
            "filter": null,
            "id": "vpc-057fccbb7ea201400",
            "instance_tenancy": "default",
            "ipv6_association_id": "",
            "ipv6_cidr_block": "",
            "main_route_table_id": "rtb-01a8f7543bfc55aa4",
            "owner_id": "992382690089",
            "region": "us-west-2",
            "state": null,
            "tags": {},
            "timeouts": null
          },
          "sensitive_attributes": [],
          "identity_schema_version": 0
        }
      ]
    },
    {
      "module": "module.network",
      "mode": "managed",
      "type": "aws_security_group",
      "name": "this",
      "provider": "provider[\"registry.terraform.io/hashicorp/aws\"]",
      "instances": [
        {
          "schema_version": 1,
          "attributes": {
            "arn": "arn:aws:ec2:us-west-2:992382690089:security-group/sg-0e67fd8ca9f2e70b9",
            "description": "Allow inbound on 8080",
            "egress": [
              {
                "cidr_blocks": [
                  "0.0.0.0/0"
                ],
                "description": "Allow all outbound",
                "from_port": 0,
                "ipv6_cidr_blocks": [],
                "prefix_list_ids": [],
                "protocol": "-1",
                "security_groups": [],
                "self": false,
                "to_port": 0
              }
            ],
            "id": "sg-0e67fd8ca9f2e70b9",
            "ingress": [
              {
                "cidr_blocks": [
                  "0.0.0.0/0"
                ],
                "description": "Allow HTTP traffic",
                "from_port": 8080,
                "ipv6_cidr_blocks": [],
                "prefix_list_ids": [],
                "protocol": "tcp",
                "security_groups": [],
                "self": false,
                "to_port": 8080
              }
            ],
            "name": "CS6650L2-sg",
            "name_prefix": "",
            "owner_id": "992382690089",
            "region": "us-west-2",
            "revoke_rules_on_delete": false,
            "tags": {},
            "tags_all": {},
            "timeouts": null,
            "vpc_id": "vpc-057fccbb7ea201400"
          },
          "sensitive_attributes": [],
          "identity_schema_version": 0,
          "private": "eyJlMmJmYjczMC1lY2FhLTExZTYtOGY4OC0zNDM2M2JjN2M0YzAiOnsiY3JlYXRlIjo2MDAwMDAwMDAwMDAsImRlbGV0ZSI6OTAwMDAwMDAwMDAwfSwic2NoZW1hX3ZlcnNpb24iOiIxIn0=",
          "dependencies": [
            "module.network.data.aws_vpc.default"
          ]
        }
      ]
    }
  ],
  "check_results": null
}
