{
  "version": 4,
  "terraform_version": "1.13.2",
  "serial": 14,
  "lineage": "7c7f4c8b-e999-0b1a-e577-0d7f19f3b4b1",
  "outputs": {
    "ecs_cluster_name": {
      "value": "CS6650L2-cluster",
      "type": "string"
    },
    "ecs_service_name": {
      "value": "CS6650L2",
      "type": "string"
    }
  },
  "resources": [
    {
      "mode": "data",
      "type": "aws_ecr_authorization_token",
      "name": "registry",
      "provider": "provider[\"registry.terraform.io/hashicorp/aws\"]",
      "instances": [
        {
          "schema_version": 0,
          "attributes": {
            "authorization_token": "QVdTOmV5SndZWGxzYjJGa0lqb2lTRXAzT1M4MmJrdzRka0ZvYlRob1prOTJjR0phUTNGVWRGWnliU3N3VDNsT2FrczJjMHRTT0hGcFFrb3lkeXRoUzJRdlFrSjFVSEZXYzI5UU1YVjNNbk5wUlhwRVRUQklkWE5WWTFKd2RrZDFibFJrTXl0YWJtOUhlREZ2V1ZsTVRuUjJNM1JNT1VWaFNrOXRXRmRxWTBOSVMyZzRTM2RXYUZSRWNuTnVVbTlaTDNsRU9YZG1iMUo0UWtobk1XNHdXSEZvTkc5bFUxRXhkM1JxUlRoaVlURm1OemgyV0hoV05ERXdTbWxDUkM5SlprUmxWRUpGV0hoblJETlJibGN3Y1U5M2JDODNjalkwYlhRNVlrNDFTMW8zVHpjdmRsaDRNbTU2V0RKQlRVNTNkVmhEWlRaREsxQlBPVlY1Vm5WMVRIY3ZPVmxaYkhSbldVYzNNRTlYWTNKVlNtSlJTRFI2YjJ0cFVHOXVObnBHYTBnNVJrZHBVV2xaVVdKWE9XeHlXVEpQZW1NelJsTlNWMDVuVTBzNVJFNXlkV2hqT0hCMFNYYzBiWFl3VDFGR2VGUm9Ra3BOWVRWb1ZGRnFZMUoyU3pkNlpYUmhabWxUYTJ0Uk9FNXdkSHBQZGxBNVMyRlViR2RJYlVGQ2FFOVhVREZQZVdJM1lVeEVUbWRhTm14aGN6SXJNaXRhWms1dGNuVTRiMW92YTFBelREQXZkM3BUVkZjNVp6aGthM1JWWjJOM1FXaEhXVXhZZEdFd1V6aHpaR3czV0hOaE1GZEtZVFkyY1dGMlYzbFdjMU5PT1VOdU0xWjRURGQwZG05WlZHUm1UVUkwUW1KSlNsSllkRGRQWWpGTVFUaEpNMlowZW1aNmRITk5LMHB6UTAxd05HZEJXWFo0VjA1VVkzSnVWVFpqUjNoSksyWnNTVmRFVUhZMVkwcFBRMk5VVEd0UE56RmpNbkZqUTNWRmNsWXlhMncyYm1OSWFqQkNWRnB6VGxsdGFVSmtTMXAxUms5ck1qbGxaR1JxY2xVMFNXOUhNMDFLVEdKWU5XYzJjbEExYlV4cFMxTnNlbUZpU3pneFIwbGlNRGxFUlVab2RFOWhUVGs1VG1zeFVsZ3phM1ZHVldaeFdsVlJPR05TUzFSTmJDOVBSRWRMWkRsS2VIbHFXbEJGTkVsTU9GVldXVXR0UmtSTmFYSnZOazlWWVRSYVUxbHNNVVJFYWtJdlUyaENUVkZLZFROWFZGWklLMWxGYjJWRlNYQlhielpVVm1rd2JHSmpNV2xuWVdWVU9VcENWVVpFVVVVelJHTkxOMlpVTlZsdFIwcHZUM3AxVVcweVRtdDFSM1pOZVhaM2NWQjJkRmxDTkVOUmIwTnVhRVJCVDFNeFFsQXZiMk5IWm5jNFoxSm5Wa3RyVFdwaVFTOVlUVFI0T1U1VmVtVjBkRlU1VFVOUWFtOUVlR1JFV0RoVFNqVjVWVXAyU1ZFNFJtNVliV0p0WVdOalEyODJTVmR4TkROaWQyNHljelZyTDNWSmJrWnFXRU5JVkhaTlEycDBkVlptU2xKbFpIVlZXREZyZERCcFpFeFVXSFF3Wm5SNlIwbHJORUpHZUhweWNrOXZjSFoyTWpaMVJFSkplbWh4V2xOWVpGRXJLemN3U0ZjMFNFbDNlbXhaVG1Wbk5IWTFRVGhpTVRGdGVHbFRVekphTURGTEswNVhjRkJuWW1GM1YxQkxXUzlyTVVwMFZXOU1jWGx3YzFSYU5VWnVXaTlXY1ZwRmJFVnRMMVZKWjBoa1JUWlRNUzlNTDFNcmVsY3ZNVE0wYVdFeWRFWkpSRlp6T0N0YU5tRnRhbmh1VkUxUFNYVnBVVXAwWVRSclIyOXJiVGhtWjJNd2FEaFJVVEF6ZWs1bGJUSlFSVTQyY1d0SFpsaFFVV0p2ZW1reWRHTkRUVTF0WmxOWFJUWmFNMDFIZW5Vd1J6VjJhREo2VUd0ME4wRlBXREZGUkV4WFRrVkNXVVZDVFhKYWFGZHNiVk5yUlU1ck9HaGxha2RTWVhSNVdGWTNSMWhWYVVsWVdqVTBTME42YUhCS1ZXSmtVRzFLYzNFck4wUTJMMmQ0YUdkSlRFdDZZekZGUlhodkwyTjJRazl2UlZWQmRVRllNR042TmxoeFMxRjJiWEp1V0M4NE5uTndiSGM1VGpkak4wSlFkVEYxYUhoek4weFlNemR2VTA1aGVrbG5hSHBCUVZwRmVVcGthWHBXTW5ScFRWaERNR3R4TlV0aFdsbE1ZM05JZW5CMFVsbERZMmR6VTJkdlJXMVVRM2gzYkZJemF6MGlMQ0prWVhSaGEyVjVJam9pUVZGRlFrRklhalpzWXpSWVNVcDNMemRzYmpCSVl6QXdSRTFsYXpaSFJYaElRMkpaTkZKSmNGUk5RMGsxT0VsdVZYZEJRVUZJTkhkbVFWbEtTMjlhU1doMlkwNUJVV05IYjBjNGQySlJTVUpCUkVKdlFtZHJjV2hyYVVjNWR6QkNRbmRGZDBobldVcFpTVnBKUVZkVlJFSkJSWFZOUWtWRlJFODRMM1pUWWxKdGQyVm5SSEZFZWxSQlNVSkZTVUUzWm5Wek5YWjZUV1Z5WXpKRVkzSXhhemhyZERWM1VFWnlTbmRXUW5nM1VIWkJNa1owYVVFMlNYVk9WVUl6YlhobFoyNU5WMll5YzNseWVWWmhVbWRuU21GMFVIRjJha1ZYTTNjM0szRnpTVDBpTENKMlpYSnphVzl1SWpvaU1pSXNJblI1Y0dVaU9pSkVRVlJCWDB0RldTSXNJbVY0Y0dseVlYUnBiMjRpT2pFM05UazNNVEF3TURSOQ==",
            "expires_at": "2025-10-06T00:20:04Z",
            "id": "us-west-2",
            "password": "eyJwYXlsb2FkIjoiSEp3OS82bkw4dkFobThoZk92cGJaQ3FUdFZybSswT3lOaks2c0tSOHFpQkoydythS2QvQkJ1UHFWc29QMXV3MnNpRXpETTBIdXNVY1Jwdkd1blRkMytabm9HeDFvWVlMTnR2M3RMOUVhSk9tWFdqY0NIS2g4S3dWaFREcnNuUm9ZL3lEOXdmb1J4QkhnMW4wWHFoNG9lU1Exd3RqRThiYTFmNzh2WHhWNDEwSmlCRC9JZkRlVEJFWHhnRDNRblcwcU93bC83cjY0bXQ5Yk41S1o3Tzcvdlh4Mm56WDJBTU53dVhDZTZDK1BPOVV5VnV1THcvOVlZbHRnWUc3ME9XY3JVSmJRSDR6b2tpUG9uNnpGa0g5RkdpUWlZUWJXOWxyWTJPemMzRlNSV05nU0s5RE5ydWhjOHB0SXc0bXYwT1FGeFRoQkpNYTVoVFFqY1J2Szd6ZXRhZmlTa2tROE5wdHpPdlA5S2FUbGdIbUFCaE9XUDFPeWI3YUxETmdaNmxhczIrMitaZk5tcnU4b1ova1AzTDAvd3pTVFc5Zzhka3RVZ2N3QWhHWUxYdGEwUzhzZGw3WHNhMFdKYTY2cWF2V3lWc1NOOUNuM1Z4TDd0dm9ZVGRmTUI0QmJJSlJYdDdPYjFMQThJM2Z0emZ6dHNNK0pzQ01wNGdBWXZ4V05UY3JuVTZjR3hJK2ZsSVdEUHY1Y0pPQ2NUTGtPNzFjMnFjQ3VFclYya2w2bmNIajBCVFpzTlltaUJkS1p1Rk9rMjllZGRqclU0SW9HM01KTGJYNWc2clA1bUxpS1NsemFiSzgxR0liMDlERUZodE9hTTk5TmsxUlgza3VGVWZxWlVROGNSS1RNbC9PREdLZDlKeHlqWlBFNElMOFVWWUttRkRNaXJvNk9VYTRaU1lsMUREakIvU2hCTVFKdTNXVFZIK1lFb2VFSXBXbzZUVmkwbGJjMWlnYWVUOUpCVUZEUUUzRGNLN2ZUNVltR0pvT3p1UW0yTmt1R3ZNeXZ3cVB2dFlCNENRb0NuaERBT1MxQlAvb2NHZnc4Z1JnVktrTWpiQS9YTTR4OU5VemV0dFU5TUNQam9EeGREWDhTSjV5VUp2SVE4Rm5YbWJtYWNjQ282SVdxNDNid24yczVrL3VJbkZqWENIVHZNQ2p0dVZmSlJlZHVVWDFrdDBpZExUWHQwZnR6R0lrNEJGeHpyck9vcHZ2MjZ1REJJemhxWlNYZFErKzcwSFc0SEl3emxZTmVnNHY1QThiMTFteGlTUzJaMDFLK05XcFBnYmF3V1BLWS9rMUp0VW9McXlwc1RaNUZuWi9WcVpFbEVtL1VJZ0hkRTZTMS9ML1MrelcvMTM0aWEydEZJRFZzOCtaNmFtanhuVE1PSXVpUUp0YTRrR29rbThmZ2MwaDhRUTAzek5lbTJQRU42cWtHZlhQUWJvemkydGNDTU1tZlNXRTZaM01HenUwRzV2aDJ6UGt0N0FPWDFFRExXTkVCWUVCTXJaaFdsbVNrRU5rOGhlakdSYXR5WFY3R1hVaUlYWjU0S0N6aHBKVWJkUG1Kc3ErN0Q2L2d4aGdJTEt6YzFFRXhvL2N2Qk9vRVVBdUFYMGN6NlhxS1F2bXJuWC84NnNwbHc5TjdjN0JQdTF1aHhzN0xYMzdvU05heklnaHpBQVpFeUpkaXpWMnRpTVhDMGtxNUthWllMY3NIenB0UllDY2dzU2dvRW1UQ3h3bFIzaz0iLCJkYXRha2V5IjoiQVFFQkFIajZsYzRYSUp3LzdsbjBIYzAwRE1lazZHRXhIQ2JZNFJJcFRNQ0k1OEluVXdBQUFINHdmQVlKS29aSWh2Y05BUWNHb0c4d2JRSUJBREJvQmdrcWhraUc5dzBCQndFd0hnWUpZSVpJQVdVREJBRXVNQkVFRE84L3ZTYlJtd2VnRHFEelRBSUJFSUE3ZnVzNXZ6TWVyYzJEY3IxazhrdDV3UEZySndWQng3UHZBMkZ0aUE2SXVOVUIzbXhlZ25NV2Yyc3lyeVZhUmdnSmF0UHF2akVXM3c3K3FzST0iLCJ2ZXJzaW9uIjoiMiIsInR5cGUiOiJEQVRBX0tFWSIsImV4cGlyYXRpb24iOjE3NTk3MTAwMDR9",
            "proxy_endpoint": "https://992382690089.dkr.ecr.us-west-2.amazonaws.com",
            "region": "us-west-2",
            "registry_id": null,
            "user_name": "AWS"
          },
          "sensitive_attributes": [
            [
              {
                "type": "get_attr",
                "value": "authorization_token"
              }
            ],
            [
              {
                "type": "get_attr",
                "value": "password"
              }
            ]
          ],
          "identity_schema_version": 0
        }
      ]
    },
    {
      "mode": "data",
      "type": "aws_iam_role",
      "name": "lab_role",
      "provider": "provider[\"registry.terraform.io/hashicorp/aws\"]",
      "instances": [
        {
          "schema_version": 0,
          "attributes": {
            "arn": "arn:aws:iam::992382690089:role/LabRole",
            "assume_role_policy": "{\"Version\":\"2012-10-17\",\"Statement\":[{\"Effect\":\"Allow\",\"Principal\":{\"AWS\":\"arn:aws:iam::992382690089:role/LabRole\",\"Service\":[\"credentials.iot.amazonaws.com\",\"ec2.amazonaws.com\",\"glue.amazonaws.com\",\"logs.amazonaws.com\",\"eks.amazonaws.com\",\"secretsmanager.amazonaws.com\",\"elasticloadbalancing.amazonaws.com\",\"ecs-tasks.amazonaws.com\",\"cloud9.amazonaws.com\",\"redshift.amazonaws.com\",\"iotanalytics.amazonaws.com\",\"sns.amazonaws.com\",\"athena.amazonaws.com\",\"ecs.amazonaws.com\",\"rekognition.amazonaws.com\",\"application-autoscaling.amazonaws.com\",\"elasticfilesystem.amazonaws.com\",\"codedeploy.amazonaws.com\",\"sqs.amazonaws.com\",\"servicecatalog.amazonaws.com\",\"rds.amazonaws.com\",\"iot.amazonaws.com\",\"codewhisperer.amazonaws.com\",\"forecast.amazonaws.com\",\"lambda.amazonaws.com\",\"cognito-idp.amazonaws.com\",\"deepracer.amazonaws.com\",\"firehose.amazonaws.com\",\"apigateway.amazonaws.com\",\"backup.amazonaws.com\",\"resource-groups.amazonaws.com\",\"eks-fargate-pods.amazonaws.com\",\"ec2.application-autoscaling.amazonaws.com\",\"pipes.amazonaws.com\",\"batch.amazonaws.com\",\"cloudformation.amazonaws.com\",\"sagemaker.amazonaws.com\",\"autoscaling.amazonaws.com\",\"states.amazonaws.com\",\"scheduler.amazonaws.com\",\"kinesis.amazonaws.com\",\"s3.amazonaws.com\",\"ssm.amazonaws.com\",\"dynamodb.amazonaws.com\",\"elasticbeanstalk.amazonaws.com\",\"databrew.amazonaws.com\",\"events.amazonaws.com\",\"kms.amazonaws.com\",\"iotevents.amazonaws.com\",\"elasticmapreduce.amazonaws.com\",\"kinesisanalytics.amazonaws.com\",\"codecommit.amazonaws.com\",\"cloudtrail.amazonaws.com\"]},\"Action\":\"sts:AssumeRole\"}]}",
            "create_date": "2025-09-13T19:20:28Z",
            "description": "",
            "id": "LabRole",
            "max_session_duration": 3600,
            "name": "LabRole",
            "path": "/",
            "permissions_boundary": "",
            "role_last_used": [
              {
                "last_used_date": "2025-10-05T12:10:40Z",
                "region": "us-west-2"
              }
            ],
            "tags": {
              "cloudlab": "c169671a4380641l11489777t1w992382690089"
            },
            "unique_id": "AROA6ODU6EMUWCBQASGO5"
          },
          "sensitive_attributes": [],
          "identity_schema_version": 0
        }
      ]
    },
    {
      "mode": "managed",
      "type": "docker_image",
      "name": "app",
      "provider": "provider[\"registry.terraform.io/kreuzwerker/docker\"]",
      "instances": [
        {
          "schema_version": 0,
          "attributes": {
            "build": [
              {
                "auth_config": [],
                "build_arg": {},
                "build_args": {},
                "build_id": "",
                "cache_from": [],
                "cgroup_parent": "",
                "context": "..",
                "cpu_period": 0,
                "cpu_quota": 0,
                "cpu_set_cpus": "",
                "cpu_set_mems": "",
                "cpu_shares": 0,
                "dockerfile": "Dockerfile",
                "extra_hosts": [],
                "force_remove": false,
                "isolation": "",
                "label": {},
                "labels": {},
                "memory": 0,
                "memory_swap": 0,
                "network_mode": "",
                "no_cache": false,
                "path": "",
                "platform": "",
                "pull_parent": false,
                "remote_context": "",
                "remove": true,
                "security_opt": [],
                "session_id": "",
                "shm_size": 0,
                "squash": false,
                "suppress_output": false,
                "tag": [],
                "target": "",
                "ulimit": [],
                "version": ""
              }
            ],
            "force_remove": null,
            "id": "sha256:2c709f9a7341b2b4177fa1d6db694fe9be7c606e4d44c9f792206762cde1a99b992382690089.dkr.ecr.us-west-2.amazonaws.com/ecr_service:latest",
            "image_id": "sha256:2c709f9a7341b2b4177fa1d6db694fe9be7c606e4d44c9f792206762cde1a99b",
            "keep_locally": null,
            "latest": "sha256:2c709f9a7341b2b4177fa1d6db694fe9be7c606e4d44c9f792206762cde1a99b",
            "name": "992382690089.dkr.ecr.us-west-2.amazonaws.com/ecr_service:latest",
            "output": null,
            "platform": null,
            "pull_trigger": null,
            "pull_triggers": null,
            "repo_digest": "992382690089.dkr.ecr.us-west-2.amazonaws.com/ecr_service@sha256:c6cd8918cbf0d3911308b4110412bc5635c8d1039d77760ca29ab38c5af444b9",
            "triggers": null
          },
          "sensitive_attributes": [],
          "identity_schema_version": 0,
          "private": "bnVsbA==",
          "dependencies": [
            "data.aws_ecr_authorization_token.registry",
            "module.ecr.aws_ecr_repository.this"
          ]
        }
      ]
    },
    {
      "mode": "managed",
      "type": "docker_registry_image",
      "name": "app",
      "provider": "provider[\"registry.terraform.io/kreuzwerker/docker\"]",
      "instances": [
        {
          "schema_version": 0,
          "attributes": {
            "build": [],
            "id": "sha256:c6cd8918cbf0d3911308b4110412bc5635c8d1039d77760ca29ab38c5af444b9",
            "insecure_skip_verify": false,
            "keep_remotely": false,
            "name": "992382690089.dkr.ecr.us-west-2.amazonaws.com/ecr_service:latest",
            "sha256_digest": "sha256:c6cd8918cbf0d3911308b4110412bc5635c8d1039d77760ca29ab38c5af444b9",
            "triggers": null
          },
          "sensitive_attributes": [],
          "identity_schema_version": 0,
          "private": "bnVsbA==",
          "dependencies": [
            "data.aws_ecr_authorization_token.registry",
            "docker_image.app",
            "module.ecr.aws_ecr_repository.this"
          ]
        }
      ]
    },
    {
      "module": "module.ecr",
      "mode": "managed",
      "type": "aws_ecr_repository",
      "name": "this",
      "provider": "provider[\"registry.terraform.io/hashicorp/aws\"]",
      "instances": [
        {
          "schema_version": 0,
          "attributes": {
            "arn": "arn:aws:ecr:us-west-2:992382690089:repository/ecr_service",
            "encryption_configuration": [
              {
                "encryption_type": "AES256",
                "kms_key": ""
              }
            ],
            "force_delete": null,
            "id": "ecr_service",
            "image_scanning_configuration": [
              {
                "scan_on_push": false
              }
            ],
            "image_tag_mutability": "MUTABLE",
            "name": "ecr_service",
            "region": "us-west-2",
            "registry_id": "992382690089",
            "repository_url": "992382690089.dkr.ecr.us-west-2.amazonaws.com/ecr_service",
            "tags": {},
            "tags_all": {},
            "timeouts": null
          },
          "sensitive_attributes": [],
          "identity_schema_version": 0,
          "private": "eyJlMmJmYjczMC1lY2FhLTExZTYtOGY4OC0zNDM2M2JjN2M0YzAiOnsiZGVsZXRlIjoxMjAwMDAwMDAwMDAwfX0="
        }
      ]
    },
    {
      "module": "module.ecs",
      "mode": "managed",
      "type": "aws_ecs_cluster",
      "name": "this",
      "provider": "provider[\"registry.terraform.io/hashicorp/aws\"]",
      "instances": [
        {
          "schema_version": 0,
          "attributes": {
            "arn": "arn:aws:ecs:us-west-2:992382690089:cluster/CS6650L2-cluster",
            "configuration": [],
            "id": "arn:aws:ecs:us-west-2:992382690089:cluster/CS6650L2-cluster",
            "name": "CS6650L2-cluster",
            "region": "us-west-2",
            "service_connect_defaults": [],
            "setting": [
              {
                "name": "containerInsights",
                "value": "disabled"
              }
            ],
            "tags": null,
            "tags_all": {}
          },
          "sensitive_attributes": [],
          "identity_schema_version": 0,
          "private": "bnVsbA=="
        }
      ]
    },
    {
      "module": "module.ecs",
      "mode": "managed",
      "type": "aws_ecs_service",
      "name": "this",
      "provider": "provider[\"registry.terraform.io/hashicorp/aws\"]",
      "instances": [
        {
          "schema_version": 1,
          "attributes": {
            "alarms": [],
            "arn": "arn:aws:ecs:us-west-2:992382690089:service/CS6650L2-cluster/CS6650L2",
            "availability_zone_rebalancing": "DISABLED",
            "capacity_provider_strategy": [],
            "cluster": "arn:aws:ecs:us-west-2:992382690089:cluster/CS6650L2-cluster",
            "deployment_circuit_breaker": [
              {
                "enable": false,
                "rollback": false
              }
            ],
            "deployment_configuration": [],
            "deployment_controller": [
              {
                "type": "ECS"
              }
            ],
            "deployment_maximum_percent": 200,
            "deployment_minimum_healthy_percent": 100,
            "desired_count": 1,
            "enable_ecs_managed_tags": false,
            "enable_execute_command": false,
            "force_delete": null,
            "force_new_deployment": null,
            "health_check_grace_period_seconds": 0,
            "iam_role": "/aws-service-role/ecs.amazonaws.com/AWSServiceRoleForECS",
            "id": "arn:aws:ecs:us-west-2:992382690089:service/CS6650L2-cluster/CS6650L2",
            "launch_type": "FARGATE",
            "load_balancer": [],
            "name": "CS6650L2",
            "network_configuration": [
              {
                "assign_public_ip": true,
                "security_groups": [
                  "sg-0e67fd8ca9f2e70b9"
                ],
                "subnets": [
                  "subnet-07fe5bc2ecc9cc7de",
                  "subnet-084ab50da4f5a7b39",
                  "subnet-09597b03d3b172ecc",
                  "subnet-09fa47284e334be6f"
                ]
              }
            ],
            "ordered_placement_strategy": [],
            "placement_constraints": [],
            "platform_version": "LATEST",
            "propagate_tags": "NONE",
            "region": "us-west-2",
            "scheduling_strategy": "REPLICA",
            "service_connect_configuration": [],
            "service_registries": [],
            "tags": null,
            "tags_all": {},
            "task_definition": "arn:aws:ecs:us-west-2:992382690089:task-definition/CS6650L2-task:2",
            "timeouts": null,
            "triggers": {},
            "volume_configuration": [],
            "vpc_lattice_configurations": [],
            "wait_for_steady_state": false
          },
          "sensitive_attributes": [],
          "identity_schema_version": 0,
          "private": "eyJlMmJmYjczMC1lY2FhLTExZTYtOGY4OC0zNDM2M2JjN2M0YzAiOnsiY3JlYXRlIjoxMjAwMDAwMDAwMDAwLCJkZWxldGUiOjEyMDAwMDAwMDAwMDAsInVwZGF0ZSI6MTIwMDAwMDAwMDAwMH0sInNjaGVtYV92ZXJzaW9uIjoiMSJ9",
          "dependencies": [
            "data.aws_iam_role.lab_role",
            "module.ecr.aws_ecr_repository.this",
            "module.ecs.aws_ecs_cluster.this",
            "module.ecs.aws_ecs_task_definition.this",
            "module.logging.aws_cloudwatch_log_group.this",
            "module.network.aws_security_group.this",
            "module.network.data.aws_subnets.default",
            "module.network.data.aws_vpc.default"
          ]
        }
      ]
    },
    {
      "module": "module.ecs",
      "mode": "managed",
      "type": "aws_ecs_task_definition",
      "name": "this",
      "provider": "provider[\"registry.terraform.io/hashicorp/aws\"]",
      "instances": [
        {
          "schema_version": 1,
          "attributes": {
            "arn": "arn:aws:ecs:us-west-2:992382690089:task-definition/CS6650L2-task:2",
            "arn_without_revision": "arn:aws:ecs:us-west-2:992382690089:task-definition/CS6650L2-task",
            "container_definitions": "[{\"environment\":[],\"essential\":true,\"image\":\"992382690089.dkr.ecr.us-west-2.amazonaws.com/ecr_service:latest\",\"logConfiguration\":{\"logDriver\":\"awslogs\",\"options\":{\"awslogs-group\":\"/ecs/CS6650L2\",\"awslogs-region\":\"us-west-2\",\"awslogs-stream-prefix\":\"ecs\"}},\"mountPoints\":[],\"name\":\"CS6650L2-container\",\"portMappings\":[{\"containerPort\":8080,\"hostPort\":8080,\"protocol\":\"tcp\"}],\"systemControls\":[],\"volumesFrom\":[]}]",
            "cpu": "1024",
            "enable_fault_injection": false,
            "ephemeral_storage": [],
            "execution_role_arn": "arn:aws:iam::992382690089:role/LabRole",
            "family": "CS6650L2-task",
            "id": "CS6650L2-task",
            "ipc_mode": "",
            "memory": "3072",
            "network_mode": "awsvpc",
            "pid_mode": "",
            "placement_constraints": [],
            "proxy_configuration": [],
            "region": "us-west-2",
            "requires_compatibilities": [
              "FARGATE"
            ],
            "revision": 2,
            "runtime_platform": [],
            "skip_destroy": false,
            "tags": null,
            "tags_all": {},
            "task_role_arn": "arn:aws:iam::992382690089:role/LabRole",
            "track_latest": false,
            "volume": []
          },
          "sensitive_attributes": [],
          "identity_schema_version": 0,
          "private": "eyJzY2hlbWFfdmVyc2lvbiI6IjEifQ==",
          "dependencies": [
            "data.aws_iam_role.lab_role",
            "module.ecr.aws_ecr_repository.this",
            "module.logging.aws_cloudwatch_log_group.this"
          ]
        }
      ]
    },
    {
      "module": "module.logging",
      "mode": "managed",
      "type": "aws_cloudwatch_log_group",
      "name": "this",
      "provider": "provider[\"registry.terraform.io/hashicorp/aws\"]",
      "instances": [
        {
          "schema_version": 0,
          "attributes": {
            "arn": "arn:aws:logs:us-west-2:992382690089:log-group:/ecs/CS6650L2",
            "id": "/ecs/CS6650L2",
            "kms_key_id": "",
            "log_group_class": "STANDARD",
            "name": "/ecs/CS6650L2",
            "name_prefix": "",
            "region": "us-west-2",
            "retention_in_days": 7,
            "skip_destroy": false,
            "tags": {},
            "tags_all": {}
          },
          "sensitive_attributes": [],
          "identity_schema_version": 0,
          "private": "bnVsbA=="
        }
      ]
    },
    {
      "module": "module.network",
      "mode": "data",
      "type": "aws_subnets",
      "name": "default",
      "provider": "provider[\"registry.terraform.io/hashicorp/aws\"]",
      "instances": [
        {
          "schema_version": 0,
          "attributes": {
            "filter": [
              {
                "name": "vpc-id",
                "values": [
                  "vpc-057fccbb7ea201400"
                ]
              }
            ],
            "id": "us-west-2",
            "ids": [
              "subnet-09597b03d3b172ecc",
              "subnet-07fe5bc2ecc9cc7de",
              "subnet-084ab50da4f5a7b39",
              "subnet-09fa47284e334be6f"
            ],
            "region": "us-west-2",
            "tags": null,
            "timeouts": null
          },
          "sensitive_attributes": [],
          "identity_schema_version": 0
        }
      ]
    },
    {
      "module": "module.network",
      "mode": "data",
      "type": "aws_vpc",
      "name": "default",
      "provider": "provider[\"registry.terraform.io/hashicorp/aws\"]",
      "instances": [
        {
          "schema_version": 0,
          "attributes": {
            "arn": "arn:aws:ec2:us-west-2:992382690089:vpc/vpc-057fccbb7ea201400",
            "cidr_block": "172.31.0.0/16",
            "cidr_block_associations": [
              {
                "association_id": "vpc-cidr-assoc-025c76f4cabeb7d70",
                "cidr_block": "172.31.0.0/16",
                "state": "associated"
              }
            ],
            "default": true,
            "dhcp_options_id": "dopt-0fd2a7f4b0ba6f5c4",
            "enable_dns_hostnames": true,
            "enable_dns_support": true,
            "enable_network_address_usage_metrics": false,
            "filter": null,
            "id": "vpc-057fccbb7ea201400",
            "instance_tenancy": "default",
            "ipv6_association_id": "",
            "ipv6_cidr_block": "",
            "main_route_table_id": "rtb-01a8f7543bfc55aa4",
            "owner_id": "992382690089",
            "region": "us-west-2",
            "state": null,
            "tags": {},
            "timeouts": null
          },
          "sensitive_attributes": [],
          "identity_schema_version": 0
        }
      ]
    },
    {
      "module": "module.network",
      "mode": "managed",
      "type": "aws_security_group",
      "name": "this",
      "provider": "provider[\"registry.terraform.io/hashicorp/aws\"]",
      "instances": [
        {
          "schema_version": 1,
          "attributes": {
            "arn": "arn:aws:ec2:us-west-2:992382690089:security-group/sg-0e67fd8ca9f2e70b9",
            "description": "Allow inbound on 8080",
            "egress": [
              {
                "cidr_blocks": [
                  "0.0.0.0/0"
                ],
                "description": "Allow all outbound",
                "from_port": 0,
                "ipv6_cidr_blocks": [],
                "prefix_list_ids": [],
                "protocol": "-1",
                "security_groups": [],
                "self": false,
                "to_port": 0
              }
            ],
            "id": "sg-0e67fd8ca9f2e70b9",
            "ingress": [
              {
                "cidr_blocks": [
                  "0.0.0.0/0"
                ],
                "description": "Allow HTTP traffic",
                "from_port": 8080,
                "ipv6_cidr_blocks": [],
                "prefix_list_ids": [],
                "protocol": "tcp",
                "security_groups": [],
                "self": false,
                "to_port": 8080
              }
            ],
            "name": "CS6650L2-sg",
            "name_prefix": "",
            "owner_id": "992382690089",
            "region": "us-west-2",
            "revoke_rules_on_delete": false,
            "tags": {},
            "tags_all": {},
            "timeouts": null,
            "vpc_id": "vpc-057fccbb7ea201400"
          },
          "sensitive_attributes": [],
          "identity_schema_version": 0,
          "private": "eyJlMmJmYjczMC1lY2FhLTExZTYtOGY4OC0zNDM2M2JjN2M0YzAiOnsiY3JlYXRlIjo2MDAwMDAwMDAwMDAsImRlbGV0ZSI6OTAwMDAwMDAwMDAwfSwic2NoZW1hX3ZlcnNpb24iOiIxIn0=",
          "dependencies": [
            "module.network.data.aws_vpc.default"
          ]
        }
      ]
    }
  ],
  "check_results": null
}
